
Microsoft Visual Studio Solution File, Format Version 12.00
# Visual Studio Version 17
VisualStudioVersion = 17.5.002.0
MinimumVisualStudioVersion = 10.0.40219.1
Project("{9A19103F-16F7-4668-BE54-9A1E7A4F7556}") = "api", "api\api.csproj", "{C0E99A65-9A42-4336-91CB-49BBF3DE5711}"
EndProject
Global
	GlobalSection(SolutionConfigurationPlatforms) = preSolution
		Debug|Any CPU = Debug|Any CPU
		Release|Any CPU = Release|Any CPU
	EndGlobalSection
	GlobalSection(ProjectConfigurationPlatforms) = postSolution
		{C0E99A65-9A42-4336-91CB-49BBF3DE5711}.Debug|Any CPU.ActiveCfg = Debug|Any CPU
		{C0E99A65-9A42-4336-91CB-49BBF3DE5711}.Debug|Any CPU.Build.0 = Debug|Any CPU
		{C0E99A65-9A42-4336-91CB-49BBF3DE5711}.Release|Any CPU.ActiveCfg = Release|Any CPU
		{C0E99A65-9A42-4336-91CB-49BBF3DE5711}.Release|Any CPU.Build.0 = Release|Any CPU
	EndGlobalSection
	GlobalSection(SolutionProperties) = preSolution
		HideSolutionNode = FALSE
	EndGlobalSection
	GlobalSection(ExtensibilityGlobals) = postSolution
		SolutionGuid = {1F6E9976-8F25-43CF-AE75-67CF3EE00067}
	EndGlobalSection
EndGlobal
